
Microsoft Visual Studio Solution File, Format Version 12.00
# Visual Studio Version 17
VisualStudioVersion = 17.9.34728.123
MinimumVisualStudioVersion = 10.0.40219.1
Project("{9A19103F-16F7-4668-BE54-9A1E7A4F7556}") = "IFAB.Tests", "IFAB.Tests.csproj", "{BB16E850-582E-4090-A0D7-4CE23AFE29DE}"
EndProject
Global
	GlobalSection(SolutionConfigurationPlatforms) = preSolution
		Debug|Any CPU = Debug|Any CPU
		Release|Any CPU = Release|Any CPU
	EndGlobalSection
	GlobalSection(ProjectConfigurationPlatforms) = postSolution
		{BB16E850-582E-4090-A0D7-4CE23AFE29DE}.Debug|Any CPU.ActiveCfg = Debug|Any CPU
		{BB16E850-582E-4090-A0D7-4CE23AFE29DE}.Debug|Any CPU.Build.0 = Debug|Any CPU
		{BB16E850-582E-4090-A0D7-4CE23AFE29DE}.Release|Any CPU.ActiveCfg = Release|Any CPU
		{BB16E850-582E-4090-A0D7-4CE23AFE29DE}.Release|Any CPU.Build.0 = Release|Any CPU
	EndGlobalSection
	GlobalSection(SolutionProperties) = preSolution
		HideSolutionNode = FALSE
	EndGlobalSection
	GlobalSection(ExtensibilityGlobals) = postSolution
		SolutionGuid = {55B35576-A444-4D3F-8682-A39C70BDE62A}
	EndGlobalSection
EndGlobal
